
Microsoft Visual Studio Solution File, Format Version 12.00
# Visual Studio Version 17
VisualStudioVersion = 17.11.35222.181
MinimumVisualStudioVersion = 10.0.40219.1
Project("{FAE04EC0-301F-11D3-BF4B-00C04F79EFBC}") = "date-time", "date-time\date-time.csproj", "{A40FCBA7-8CF4-4B6E-BE13-AA682499CAE4}"
EndProject
Global
	GlobalSection(SolutionConfigurationPlatforms) = preSolution
		Debug|Any CPU = Debug|Any CPU
		Release|Any CPU = Release|Any CPU
	EndGlobalSection
	GlobalSection(ProjectConfigurationPlatforms) = postSolution
		{A40FCBA7-8CF4-4B6E-BE13-AA682499CAE4}.Debug|Any CPU.ActiveCfg = Debug|Any CPU
		{A40FCBA7-8CF4-4B6E-BE13-AA682499CAE4}.Debug|Any CPU.Build.0 = Debug|Any CPU
		{A40FCBA7-8CF4-4B6E-BE13-AA682499CAE4}.Release|Any CPU.ActiveCfg = Release|Any CPU
		{A40FCBA7-8CF4-4B6E-BE13-AA682499CAE4}.Release|Any CPU.Build.0 = Release|Any CPU
	EndGlobalSection
	GlobalSection(SolutionProperties) = preSolution
		HideSolutionNode = FALSE
	EndGlobalSection
	GlobalSection(ExtensibilityGlobals) = postSolution
		SolutionGuid = {C27B2194-5B2F-41E5-B62C-4592EFB80319}
	EndGlobalSection
EndGlobal
